
Microsoft Visual Studio Solution File, Format Version 12.00
# Visual Studio Version 16
VisualStudioVersion = 16.0.30804.86
MinimumVisualStudioVersion = 10.0.40219.1
Project("{8BC9CEB8-8B4A-11D0-8D11-00A0C91BC942}") = "directx12-04-box", "directx12-04-box.vcxproj", "{564C5466-1C65-4A09-BE09-E9CED065BE50}"
EndProject
Global
	GlobalSection(SolutionConfigurationPlatforms) = preSolution
		Debug|x64 = Debug|x64
		Debug|x86 = Debug|x86
		Release|x64 = Release|x64
		Release|x86 = Release|x86
	EndGlobalSection
	GlobalSection(ProjectConfigurationPlatforms) = postSolution
		{564C5466-1C65-4A09-BE09-E9CED065BE50}.Debug|x64.ActiveCfg = Debug|x64
		{564C5466-1C65-4A09-BE09-E9CED065BE50}.Debug|x64.Build.0 = Debug|x64
		{564C5466-1C65-4A09-BE09-E9CED065BE50}.Debug|x86.ActiveCfg = Debug|Win32
		{564C5466-1C65-4A09-BE09-E9CED065BE50}.Debug|x86.Build.0 = Debug|Win32
		{564C5466-1C65-4A09-BE09-E9CED065BE50}.Release|x64.ActiveCfg = Release|x64
		{564C5466-1C65-4A09-BE09-E9CED065BE50}.Release|x64.Build.0 = Release|x64
		{564C5466-1C65-4A09-BE09-E9CED065BE50}.Release|x86.ActiveCfg = Release|Win32
		{564C5466-1C65-4A09-BE09-E9CED065BE50}.Release|x86.Build.0 = Release|Win32
	EndGlobalSection
	GlobalSection(SolutionProperties) = preSolution
		HideSolutionNode = FALSE
	EndGlobalSection
	GlobalSection(ExtensibilityGlobals) = postSolution
		SolutionGuid = {08323287-B41D-4B3A-BE1C-D1D1FEB5CD89}
	EndGlobalSection
EndGlobal
